// !$*UTF8*$!
{
	archiveVersion = 1;
	classes = {
	};
	objectVersion = 46;
	objects = {

/* Begin PBXBuildFile section */
		BEA4275A1900DECF0085A57D /* Foundation.framework in Frameworks */ = {isa = PBXBuildFile; fileRef = BEA427591900DECF0085A57D /* Foundation.framework */; };
		BEA4275C1900DECF0085A57D /* CoreGraphics.framework in Frameworks */ = {isa = PBXBuildFile; fileRef = BEA4275B1900DECF0085A57D /* CoreGraphics.framework */; };
		BEA4275E1900DECF0085A57D /* UIKit.framework in Frameworks */ = {isa = PBXBuildFile; fileRef = BEA4275D1900DECF0085A57D /* UIKit.framework */; };
		BEA427641900DECF0085A57D /* InfoPlist.strings in Resources */ = {isa = PBXBuildFile; fileRef = BEA427621900DECF0085A57D /* InfoPlist.strings */; };
		BEA427661900DECF0085A57D /* main.m in Sources */ = {isa = PBXBuildFile; fileRef = BEA427651900DECF0085A57D /* main.m */; };
		BEA4276A1900DECF0085A57D /* KXAppDelegate.m in Sources */ = {isa = PBXBuildFile; fileRef = BEA427691900DECF0085A57D /* KXAppDelegate.m */; };
		BEA4276D1900DECF0085A57D /* Main.storyboard in Resources */ = {isa = PBXBuildFile; fileRef = BEA4276B1900DECF0085A57D /* Main.storyboard */; };
		BEA427721900DECF0085A57D /* Images.xcassets in Resources */ = {isa = PBXBuildFile; fileRef = BEA427711900DECF0085A57D /* Images.xcassets */; };
		BEA427791900DECF0085A57D /* XCTest.framework in Frameworks */ = {isa = PBXBuildFile; fileRef = BEA427781900DECF0085A57D /* XCTest.framework */; };
		BEA4277A1900DECF0085A57D /* Foundation.framework in Frameworks */ = {isa = PBXBuildFile; fileRef = BEA427591900DECF0085A57D /* Foundation.framework */; };
		BEA4277B1900DECF0085A57D /* UIKit.framework in Frameworks */ = {isa = PBXBuildFile; fileRef = BEA4275D1900DECF0085A57D /* UIKit.framework */; };
		BEA427831900DECF0085A57D /* InfoPlist.strings in Resources */ = {isa = PBXBuildFile; fileRef = BEA427811900DECF0085A57D /* InfoPlist.strings */; };
		BEA427851900DECF0085A57D /* UITableViewController_Challenge_SolutionTests.m in Sources */ = {isa = PBXBuildFile; fileRef = BEA427841900DECF0085A57D /* UITableViewController_Challenge_SolutionTests.m */; };
		BEA4278F1900DFC10085A57D /* README.md in Resources */ = {isa = PBXBuildFile; fileRef = BEA4278E1900DFC10085A57D /* README.md */; };
		BEA427921900E09A0085A57D /* KXChallengeTableViewController.m in Sources */ = {isa = PBXBuildFile; fileRef = BEA427911900E09A0085A57D /* KXChallengeTableViewController.m */; };
/* End PBXBuildFile section */

/* Begin PBXContainerItemProxy section */
		BEA4277C1900DECF0085A57D /* PBXContainerItemProxy */ = {
			isa = PBXContainerItemProxy;
			containerPortal = BEA4274E1900DECF0085A57D /* Project object */;
			proxyType = 1;
			remoteGlobalIDString = BEA427551900DECF0085A57D;
			remoteInfo = "UITableViewController Challenge Solution";
		};
/* End PBXContainerItemProxy section */

/* Begin PBXFileReference section */
		BEA427561900DECF0085A57D /* UITableViewController Challenge Solution.app */ = {isa = PBXFileReference; explicitFileType = wrapper.application; includeInIndex = 0; path = "UITableViewController Challenge Solution.app"; sourceTree = BUILT_PRODUCTS_DIR; };
		BEA427591900DECF0085A57D /* Foundation.framework */ = {isa = PBXFileReference; lastKnownFileType = wrapper.framework; name = Foundation.framework; path = System/Library/Frameworks/Foundation.framework; sourceTree = SDKROOT; };
		BEA4275B1900DECF0085A57D /* CoreGraphics.framework */ = {isa = PBXFileReference; lastKnownFileType = wrapper.framework; name = CoreGraphics.framework; path = System/Library/Frameworks/CoreGraphics.framework; sourceTree = SDKROOT; };
		BEA4275D1900DECF0085A57D /* UIKit.framework */ = {isa = PBXFileReference; lastKnownFileType = wrapper.framework; name = UIKit.framework; path = System/Library/Frameworks/UIKit.framework; sourceTree = SDKROOT; };
		BEA427611900DECF0085A57D /* UITableViewController Challenge Solution-Info.plist */ = {isa = PBXFileReference; lastKnownFileType = text.plist.xml; path = "UITableViewController Challenge Solution-Info.plist"; sourceTree = "<group>"; };
		BEA427631900DECF0085A57D /* en */ = {isa = PBXFileReference; lastKnownFileType = text.plist.strings; name = en; path = en.lproj/InfoPlist.strings; sourceTree = "<group>"; };
		BEA427651900DECF0085A57D /* main.m */ = {isa = PBXFileReference; lastKnownFileType = sourcecode.c.objc; path = main.m; sourceTree = "<group>"; };
		BEA427671900DECF0085A57D /* UITableViewController Challenge Solution-Prefix.pch */ = {isa = PBXFileReference; lastKnownFileType = sourcecode.c.h; path = "UITableViewController Challenge Solution-Prefix.pch"; sourceTree = "<group>"; };
		BEA427681900DECF0085A57D /* KXAppDelegate.h */ = {isa = PBXFileReference; lastKnownFileType = sourcecode.c.h; path = KXAppDelegate.h; sourceTree = "<group>"; };
		BEA427691900DECF0085A57D /* KXAppDelegate.m */ = {isa = PBXFileReference; lastKnownFileType = sourcecode.c.objc; path = KXAppDelegate.m; sourceTree = "<group>"; };
		BEA4276C1900DECF0085A57D /* Base */ = {isa = PBXFileReference; lastKnownFileType = file.storyboard; name = Base; path = Base.lproj/Main.storyboard; sourceTree = "<group>"; };
		BEA427711900DECF0085A57D /* Images.xcassets */ = {isa = PBXFileReference; lastKnownFileType = folder.assetcatalog; path = Images.xcassets; sourceTree = "<group>"; };
		BEA427771900DECF0085A57D /* UITableViewController Challenge SolutionTests.xctest */ = {isa = PBXFileReference; explicitFileType = wrapper.cfbundle; includeInIndex = 0; path = "UITableViewController Challenge SolutionTests.xctest"; sourceTree = BUILT_PRODUCTS_DIR; };
		BEA427781900DECF0085A57D /* XCTest.framework */ = {isa = PBXFileReference; lastKnownFileType = wrapper.framework; name = XCTest.framework; path = Library/Frameworks/XCTest.framework; sourceTree = DEVELOPER_DIR; };
		BEA427801900DECF0085A57D /* UITableViewController Challenge SolutionTests-Info.plist */ = {isa = PBXFileReference; lastKnownFileType = text.plist.xml; path = "UITableViewController Challenge SolutionTests-Info.plist"; sourceTree = "<group>"; };
		BEA427821900DECF0085A57D /* en */ = {isa = PBXFileReference; lastKnownFileType = text.plist.strings; name = en; path = en.lproj/InfoPlist.strings; sourceTree = "<group>"; };
		BEA427841900DECF0085A57D /* UITableViewController_Challenge_SolutionTests.m */ = {isa = PBXFileReference; lastKnownFileType = sourcecode.c.objc; path = UITableViewController_Challenge_SolutionTests.m; sourceTree = "<group>"; };
		BEA4278E1900DFC10085A57D /* README.md */ = {isa = PBXFileReference; fileEncoding = 4; lastKnownFileType = text; name = README.md; path = ../README.md; sourceTree = "<group>"; };
		BEA427901900E09A0085A57D /* KXChallengeTableViewController.h */ = {isa = PBXFileReference; fileEncoding = 4; lastKnownFileType = sourcecode.c.h; name = KXChallengeTableViewController.h; path = ../KXChallengeTableViewController.h; sourceTree = "<group>"; };
		BEA427911900E09A0085A57D /* KXChallengeTableViewController.m */ = {isa = PBXFileReference; fileEncoding = 4; lastKnownFileType = sourcecode.c.objc; name = KXChallengeTableViewController.m; path = ../KXChallengeTableViewController.m; sourceTree = "<group>"; };
/* End PBXFileReference section */

/* Begin PBXFrameworksBuildPhase section */
		BEA427531900DECF0085A57D /* Frameworks */ = {
			isa = PBXFrameworksBuildPhase;
			buildActionMask = 2147483647;
			files = (
				BEA4275C1900DECF0085A57D /* CoreGraphics.framework in Frameworks */,
				BEA4275E1900DECF0085A57D /* UIKit.framework in Frameworks */,
				BEA4275A1900DECF0085A57D /* Foundation.framework in Frameworks */,
			);
			runOnlyForDeploymentPostprocessing = 0;
		};
		BEA427741900DECF0085A57D /* Frameworks */ = {
			isa = PBXFrameworksBuildPhase;
			buildActionMask = 2147483647;
			files = (
				BEA427791900DECF0085A57D /* XCTest.framework in Frameworks */,
				BEA4277B1900DECF0085A57D /* UIKit.framework in Frameworks */,
				BEA4277A1900DECF0085A57D /* Foundation.framework in Frameworks */,
			);
			runOnlyForDeploymentPostprocessing = 0;
		};
/* End PBXFrameworksBuildPhase section */

/* Begin PBXGroup section */
		BEA4274D1900DECF0085A57D = {
			isa = PBXGroup;
			children = (
				BEA4275F1900DECF0085A57D /* UITableViewController Challenge Solution */,
				BEA4277E1900DECF0085A57D /* UITableViewController Challenge SolutionTests */,
				BEA427581900DECF0085A57D /* Frameworks */,
				BEA427571900DECF0085A57D /* Products */,
			);
			sourceTree = "<group>";
		};
		BEA427571900DECF0085A57D /* Products */ = {
			isa = PBXGroup;
			children = (
				BEA427561900DECF0085A57D /* UITableViewController Challenge Solution.app */,
				BEA427771900DECF0085A57D /* UITableViewController Challenge SolutionTests.xctest */,
			);
			name = Products;
			sourceTree = "<group>";
		};
		BEA427581900DECF0085A57D /* Frameworks */ = {
			isa = PBXGroup;
			children = (
				BEA427591900DECF0085A57D /* Foundation.framework */,
				BEA4275B1900DECF0085A57D /* CoreGraphics.framework */,
				BEA4275D1900DECF0085A57D /* UIKit.framework */,
				BEA427781900DECF0085A57D /* XCTest.framework */,
			);
			name = Frameworks;
			sourceTree = "<group>";
		};
		BEA4275F1900DECF0085A57D /* UITableViewController Challenge Solution */ = {
			isa = PBXGroup;
			children = (
				BEA427681900DECF0085A57D /* KXAppDelegate.h */,
				BEA427691900DECF0085A57D /* KXAppDelegate.m */,
				BEA4276B1900DECF0085A57D /* Main.storyboard */,
				BEA427901900E09A0085A57D /* KXChallengeTableViewController.h */,
				BEA427911900E09A0085A57D /* KXChallengeTableViewController.m */,
				BEA427711900DECF0085A57D /* Images.xcassets */,
				BEA427601900DECF0085A57D /* Supporting Files */,
			);
			path = "UITableViewController Challenge Solution";
			sourceTree = "<group>";
		};
		BEA427601900DECF0085A57D /* Supporting Files */ = {
			isa = PBXGroup;
			children = (
				BEA4278E1900DFC10085A57D /* README.md */,
				BEA427611900DECF0085A57D /* UITableViewController Challenge Solution-Info.plist */,
				BEA427621900DECF0085A57D /* InfoPlist.strings */,
				BEA427651900DECF0085A57D /* main.m */,
				BEA427671900DECF0085A57D /* UITableViewController Challenge Solution-Prefix.pch */,
			);
			name = "Supporting Files";
			sourceTree = "<group>";
		};
		BEA4277E1900DECF0085A57D /* UITableViewController Challenge SolutionTests */ = {
			isa = PBXGroup;
			children = (
				BEA427841900DECF0085A57D /* UITableViewController_Challenge_SolutionTests.m */,
				BEA4277F1900DECF0085A57D /* Supporting Files */,
			);
			path = "UITableViewController Challenge SolutionTests";
			sourceTree = "<group>";
		};
		BEA4277F1900DECF0085A57D /* Supporting Files */ = {
			isa = PBXGroup;
			children = (
				BEA427801900DECF0085A57D /* UITableViewController Challenge SolutionTests-Info.plist */,
				BEA427811900DECF0085A57D /* InfoPlist.strings */,
			);
			name = "Supporting Files";
			sourceTree = "<group>";
		};
/* End PBXGroup section */

/* Begin PBXNativeTarget section */
		BEA427551900DECF0085A57D /* UITableViewController Challenge Solution */ = {
			isa = PBXNativeTarget;
			buildConfigurationList = BEA427881900DECF0085A57D /* Build configuration list for PBXNativeTarget "UITableViewController Challenge Solution" */;
			buildPhases = (
				BEA427521900DECF0085A57D /* Sources */,
				BEA427531900DECF0085A57D /* Frameworks */,
				BEA427541900DECF0085A57D /* Resources */,
			);
			buildRules = (
			);
			dependencies = (
			);
			name = "UITableViewController Challenge Solution";
			productName = "UITableViewController Challenge Solution";
			productReference = BEA427561900DECF0085A57D /* UITableViewController Challenge Solution.app */;
			productType = "com.apple.product-type.application";
		};
		BEA427761900DECF0085A57D /* UITableViewController Challenge SolutionTests */ = {
			isa = PBXNativeTarget;
			buildConfigurationList = BEA4278B1900DECF0085A57D /* Build configuration list for PBXNativeTarget "UITableViewController Challenge SolutionTests" */;
			buildPhases = (
				BEA427731900DECF0085A57D /* Sources */,
				BEA427741900DECF0085A57D /* Frameworks */,
				BEA427751900DECF0085A57D /* Resources */,
			);
			buildRules = (
			);
			dependencies = (
				BEA4277D1900DECF0085A57D /* PBXTargetDependency */,
			);
			name = "UITableViewController Challenge SolutionTests";
			productName = "UITableViewController Challenge SolutionTests";
			productReference = BEA427771900DECF0085A57D /* UITableViewController Challenge SolutionTests.xctest */;
			productType = "com.apple.product-type.bundle.unit-test";
		};
/* End PBXNativeTarget section */

/* Begin PBXProject section */
		BEA4274E1900DECF0085A57D /* Project object */ = {
			isa = PBXProject;
			attributes = {
				CLASSPREFIX = KX;
				LastUpgradeCheck = 0510;
				ORGANIZATIONNAME = "Kenneth Wilcox";
				TargetAttributes = {
					BEA427761900DECF0085A57D = {
						TestTargetID = BEA427551900DECF0085A57D;
					};
				};
			};
			buildConfigurationList = BEA427511900DECF0085A57D /* Build configuration list for PBXProject "UITableViewController Challenge Solution" */;
			compatibilityVersion = "Xcode 3.2";
			developmentRegion = English;
			hasScannedForEncodings = 0;
			knownRegions = (
				en,
				Base,
			);
			mainGroup = BEA4274D1900DECF0085A57D;
			productRefGroup = BEA427571900DECF0085A57D /* Products */;
			projectDirPath = "";
			projectRoot = "";
			targets = (
				BEA427551900DECF0085A57D /* UITableViewController Challenge Solution */,
				BEA427761900DECF0085A57D /* UITableViewController Challenge SolutionTests */,
			);
		};
/* End PBXProject section */

/* Begin PBXResourcesBuildPhase section */
		BEA427541900DECF0085A57D /* Resources */ = {
			isa = PBXResourcesBuildPhase;
			buildActionMask = 2147483647;
			files = (
				BEA427721900DECF0085A57D /* Images.xcassets in Resources */,
				BEA427641900DECF0085A57D /* InfoPlist.strings in Resources */,
				BEA4278F1900DFC10085A57D /* README.md in Resources */,
				BEA4276D1900DECF0085A57D /* Main.storyboard in Resources */,
			);
			runOnlyForDeploymentPostprocessing = 0;
		};
		BEA427751900DECF0085A57D /* Resources */ = {
			isa = PBXResourcesBuildPhase;
			buildActionMask = 2147483647;
			files = (
				BEA427831900DECF0085A57D /* InfoPlist.strings in Resources */,
			);
			runOnlyForDeploymentPostprocessing = 0;
		};
/* End PBXResourcesBuildPhase section */

/* Begin PBXSourcesBuildPhase section */
		BEA427521900DECF0085A57D /* Sources */ = {
			isa = PBXSourcesBuildPhase;
			buildActionMask = 2147483647;
			files = (
				BEA427661900DECF0085A57D /* main.m in Sources */,
				BEA427921900E09A0085A57D /* KXChallengeTableViewController.m in Sources */,
				BEA4276A1900DECF0085A57D /* KXAppDelegate.m in Sources */,
			);
			runOnlyForDeploymentPostprocessing = 0;
		};
		BEA427731900DECF0085A57D /* Sources */ = {
			isa = PBXSourcesBuildPhase;
			buildActionMask = 2147483647;
			files = (
				BEA427851900DECF0085A57D /* UITableViewController_Challenge_SolutionTests.m in Sources */,
			);
			runOnlyForDeploymentPostprocessing = 0;
		};
/* End PBXSourcesBuildPhase section */

/* Begin PBXTargetDependency section */
		BEA4277D1900DECF0085A57D /* PBXTargetDependency */ = {
			isa = PBXTargetDependency;
			target = BEA427551900DECF0085A57D /* UITableViewController Challenge Solution */;
			targetProxy = BEA4277C1900DECF0085A57D /* PBXContainerItemProxy */;
		};
/* End PBXTargetDependency section */

/* Begin PBXVariantGroup section */
		BEA427621900DECF0085A57D /* InfoPlist.strings */ = {
			isa = PBXVariantGroup;
			children = (
				BEA427631900DECF0085A57D /* en */,
			);
			name = InfoPlist.strings;
			sourceTree = "<group>";
		};
		BEA4276B1900DECF0085A57D /* Main.storyboard */ = {
			isa = PBXVariantGroup;
			children = (
				BEA4276C1900DECF0085A57D /* Base */,
			);
			name = Main.storyboard;
			sourceTree = "<group>";
		};
		BEA427811900DECF0085A57D /* InfoPlist.strings */ = {
			isa = PBXVariantGroup;
			children = (
				BEA427821900DECF0085A57D /* en */,
			);
			name = InfoPlist.strings;
			sourceTree = "<group>";
		};
/* End PBXVariantGroup section */

/* Begin XCBuildConfiguration section */
		BEA427861900DECF0085A57D /* Debug */ = {
			isa = XCBuildConfiguration;
			buildSettings = {
				ALWAYS_SEARCH_USER_PATHS = NO;
				CLANG_CXX_LANGUAGE_STANDARD = "gnu++0x";
				CLANG_CXX_LIBRARY = "libc++";
				CLANG_ENABLE_MODULES = YES;
				CLANG_ENABLE_OBJC_ARC = YES;
				CLANG_WARN_BOOL_CONVERSION = YES;
				CLANG_WARN_CONSTANT_CONVERSION = YES;
				CLANG_WARN_DIRECT_OBJC_ISA_USAGE = YES_ERROR;
				CLANG_WARN_EMPTY_BODY = YES;
				CLANG_WARN_ENUM_CONVERSION = YES;
				CLANG_WARN_INT_CONVERSION = YES;
				CLANG_WARN_OBJC_ROOT_CLASS = YES_ERROR;
				CLANG_WARN__DUPLICATE_METHOD_MATCH = YES;
				"CODE_SIGN_IDENTITY[sdk=iphoneos*]" = "iPhone Developer";
				COPY_PHASE_STRIP = NO;
				GCC_C_LANGUAGE_STANDARD = gnu99;
				GCC_DYNAMIC_NO_PIC = NO;
				GCC_OPTIMIZATION_LEVEL = 0;
				GCC_PREPROCESSOR_DEFINITIONS = (
					"DEBUG=1",
					"$(inherited)",
				);
				GCC_SYMBOLS_PRIVATE_EXTERN = NO;
				GCC_WARN_64_TO_32_BIT_CONVERSION = YES;
				GCC_WARN_ABOUT_RETURN_TYPE = YES_ERROR;
				GCC_WARN_UNDECLARED_SELECTOR = YES;
				GCC_WARN_UNINITIALIZED_AUTOS = YES_AGGRESSIVE;
				GCC_WARN_UNUSED_FUNCTION = YES;
				GCC_WARN_UNUSED_VARIABLE = YES;
				IPHONEOS_DEPLOYMENT_TARGET = 7.1;
				ONLY_ACTIVE_ARCH = YES;
				SDKROOT = iphoneos;
			};
			name = Debug;
		};
		BEA427871900DECF0085A57D /* Release */ = {
			isa = XCBuildConfiguration;
			buildSettings = {
				ALWAYS_SEARCH_USER_PATHS = NO;
				CLANG_CXX_LANGUAGE_STANDARD = "gnu++0x";
				CLANG_CXX_LIBRARY = "libc++";
				CLANG_ENABLE_MODULES = YES;
				CLANG_ENABLE_OBJC_ARC = YES;
				CLANG_WARN_BOOL_CONVERSION = YES;
				CLANG_WARN_CONSTANT_CONVERSION = YES;
				CLANG_WARN_DIRECT_OBJC_ISA_USAGE = YES_ERROR;
				CLANG_WARN_EMPTY_BODY = YES;
				CLANG_WARN_ENUM_CONVERSION = YES;
				CLANG_WARN_INT_CONVERSION = YES;
				CLANG_WARN_OBJC_ROOT_CLASS = YES_ERROR;
				CLANG_WARN__DUPLICATE_METHOD_MATCH = YES;
				"CODE_SIGN_IDENTITY[sdk=iphoneos*]" = "iPhone Developer";
				COPY_PHASE_STRIP = YES;
				ENABLE_NS_ASSERTIONS = NO;
				GCC_C_LANGUAGE_STANDARD = gnu99;
				GCC_WARN_64_TO_32_BIT_CONVERSION = YES;
				GCC_WARN_ABOUT_RETURN_TYPE = YES_ERROR;
				GCC_WARN_UNDECLARED_SELECTOR = YES;
				GCC_WARN_UNINITIALIZED_AUTOS = YES_AGGRESSIVE;
				GCC_WARN_UNUSED_FUNCTION = YES;
				GCC_WARN_UNUSED_VARIABLE = YES;
				IPHONEOS_DEPLOYMENT_TARGET = 7.1;
				SDKROOT = iphoneos;
				VALIDATE_PRODUCT = YES;
			};
			name = Release;
		};
		BEA427891900DECF0085A57D /* Debug */ = {
			isa = XCBuildConfiguration;
			buildSettings = {
				ASSETCATALOG_COMPILER_APPICON_NAME = AppIcon;
				ASSETCATALOG_COMPILER_LAUNCHIMAGE_NAME = LaunchImage;
				GCC_PRECOMPILE_PREFIX_HEADER = YES;
				GCC_PREFIX_HEADER = "UITableViewController Challenge Solution/UITableViewController Challenge Solution-Prefix.pch";
				INFOPLIST_FILE = "UITableViewController Challenge Solution/UITableViewController Challenge Solution-Info.plist";
				PRODUCT_NAME = "$(TARGET_NAME)";
				WRAPPER_EXTENSION = app;
			};
			name = Debug;
		};
		BEA4278A1900DECF0085A57D /* Release */ = {
			isa = XCBuildConfiguration;
			buildSettings = {
				ASSETCATALOG_COMPILER_APPICON_NAME = AppIcon;
				ASSETCATALOG_COMPILER_LAUNCHIMAGE_NAME = LaunchImage;
				GCC_PRECOMPILE_PREFIX_HEADER = YES;
				GCC_PREFIX_HEADER = "UITableViewController Challenge Solution/UITableViewController Challenge Solution-Prefix.pch";
				INFOPLIST_FILE = "UITableViewController Challenge Solution/UITableViewController Challenge Solution-Info.plist";
				PRODUCT_NAME = "$(TARGET_NAME)";
				WRAPPER_EXTENSION = app;
			};
			name = Release;
		};
		BEA4278C1900DECF0085A57D /* Debug */ = {
			isa = XCBuildConfiguration;
			buildSettings = {
				BUNDLE_LOADER = "$(BUILT_PRODUCTS_DIR)/UITableViewController Challenge Solution.app/UITableViewController Challenge Solution";
				FRAMEWORK_SEARCH_PATHS = (
					"$(SDKROOT)/Developer/Library/Frameworks",
					"$(inherited)",
					"$(DEVELOPER_FRAMEWORKS_DIR)",
				);
				GCC_PRECOMPILE_PREFIX_HEADER = YES;
				GCC_PREFIX_HEADER = "UITableViewController Challenge Solution/UITableViewController Challenge Solution-Prefix.pch";
				GCC_PREPROCESSOR_DEFINITIONS = (
					"DEBUG=1",
					"$(inherited)",
				);
				INFOPLIST_FILE = "UITableViewController Challenge SolutionTests/UITableViewController Challenge SolutionTests-Info.plist";
				PRODUCT_NAME = "$(TARGET_NAME)";
				TEST_HOST = "$(BUNDLE_LOADER)";
				WRAPPER_EXTENSION = xctest;
			};
			name = Debug;
		};
		BEA4278D1900DECF0085A57D /* Release */ = {
			isa = XCBuildConfiguration;
			buildSettings = {
				BUNDLE_LOADER = "$(BUILT_PRODUCTS_DIR)/UITableViewController Challenge Solution.app/UITableViewController Challenge Solution";
				FRAMEWORK_SEARCH_PATHS = (
					"$(SDKROOT)/Developer/Library/Frameworks",
					"$(inherited)",
					"$(DEVELOPER_FRAMEWORKS_DIR)",
				);
				GCC_PRECOMPILE_PREFIX_HEADER = YES;
				GCC_PREFIX_HEADER = "UITableViewController Challenge Solution/UITableViewController Challenge Solution-Prefix.pch";
				INFOPLIST_FILE = "UITableViewController Challenge SolutionTests/UITableViewController Challenge SolutionTests-Info.plist";
				PRODUCT_NAME = "$(TARGET_NAME)";
				TEST_HOST = "$(BUNDLE_LOADER)";
				WRAPPER_EXTENSION = xctest;
			};
			name = Release;
		};
/* End XCBuildConfiguration section */

/* Begin XCConfigurationList section */
		BEA427511900DECF0085A57D /* Build configuration list for PBXProject "UITableViewController Challenge Solution" */ = {
			isa = XCConfigurationList;
			buildConfigurations = (
				BEA427861900DECF0085A57D /* Debug */,
				BEA427871900DECF0085A57D /* Release */,
			);
			defaultConfigurationIsVisible = 0;
			defaultConfigurationName = Release;
		};
		BEA427881900DECF0085A57D /* Build configuration list for PBXNativeTarget "UITableViewController Challenge Solution" */ = {
			isa = XCConfigurationList;
			buildConfigurations = (
				BEA427891900DECF0085A57D /* Debug */,
				BEA4278A1900DECF0085A57D /* Release */,
			);
			defaultConfigurationIsVisible = 0;
		};
		BEA4278B1900DECF0085A57D /* Build configuration list for PBXNativeTarget "UITableViewController Challenge SolutionTests" */ = {
			isa = XCConfigurationList;
			buildConfigurations = (
				BEA4278C1900DECF0085A57D /* Debug */,
				BEA4278D1900DECF0085A57D /* Release */,
			);
			defaultConfigurationIsVisible = 0;
		};
/* End XCConfigurationList section */
	};
	rootObject = BEA4274E1900DECF0085A57D /* Project object */;
}
